
Microsoft Visual Studio Solution File, Format Version 12.00
# Visual Studio Version 17
VisualStudioVersion = 17.5.33516.290
MinimumVisualStudioVersion = 10.0.40219.1
Project("{FAE04EC0-301F-11D3-BF4B-00C04F79EFBC}") = "ToDoListWebApp", "ToDoListWebApp.csproj", "{B9EA78D8-E388-4F3D-860E-476197D12BCA}"
EndProject
Global
	GlobalSection(SolutionConfigurationPlatforms) = preSolution
		Debug|Any CPU = Debug|Any CPU
		Release|Any CPU = Release|Any CPU
	EndGlobalSection
	GlobalSection(ProjectConfigurationPlatforms) = postSolution
		{B9EA78D8-E388-4F3D-860E-476197D12BCA}.Debug|Any CPU.ActiveCfg = Debug|Any CPU
		{B9EA78D8-E388-4F3D-860E-476197D12BCA}.Debug|Any CPU.Build.0 = Debug|Any CPU
		{B9EA78D8-E388-4F3D-860E-476197D12BCA}.Release|Any CPU.ActiveCfg = Release|Any CPU
		{B9EA78D8-E388-4F3D-860E-476197D12BCA}.Release|Any CPU.Build.0 = Release|Any CPU
	EndGlobalSection
	GlobalSection(SolutionProperties) = preSolution
		HideSolutionNode = FALSE
	EndGlobalSection
	GlobalSection(ExtensibilityGlobals) = postSolution
		SolutionGuid = {F6DAD5EF-EA50-4932-BDAA-318976EB2273}
	EndGlobalSection
EndGlobal
